
Microsoft Visual Studio Solution File, Format Version 12.00
# Visual Studio Version 16
VisualStudioVersion = 16.0.30204.135
MinimumVisualStudioVersion = 10.0.40219.1
Project("{FAE04EC0-301F-11D3-BF4B-00C04F79EFBC}") = "AssignmentTwo", "AssignmentTwo\AssignmentTwo.csproj", "{ABBA53A2-FC56-4B3C-BE80-AE95F8F8E66A}"
EndProject
Global
	GlobalSection(SolutionConfigurationPlatforms) = preSolution
		Debug|Any CPU = Debug|Any CPU
		Release|Any CPU = Release|Any CPU
	EndGlobalSection
	GlobalSection(ProjectConfigurationPlatforms) = postSolution
		{ABBA53A2-FC56-4B3C-BE80-AE95F8F8E66A}.Debug|Any CPU.ActiveCfg = Debug|Any CPU
		{ABBA53A2-FC56-4B3C-BE80-AE95F8F8E66A}.Debug|Any CPU.Build.0 = Debug|Any CPU
		{ABBA53A2-FC56-4B3C-BE80-AE95F8F8E66A}.Release|Any CPU.ActiveCfg = Release|Any CPU
		{ABBA53A2-FC56-4B3C-BE80-AE95F8F8E66A}.Release|Any CPU.Build.0 = Release|Any CPU
	EndGlobalSection
	GlobalSection(SolutionProperties) = preSolution
		HideSolutionNode = FALSE
	EndGlobalSection
	GlobalSection(ExtensibilityGlobals) = postSolution
		SolutionGuid = {2CF20881-E386-4726-A962-39FA12D07A3D}
	EndGlobalSection
EndGlobal
